// !$*UTF8*$!
{
	archiveVersion = 1;
	classes = {
	};
	objectVersion = 56;
	objects = {

/* Begin PBXBuildFile section */
		0B39195D2A9A1DA0003A1E40 /* ClickSpeedApp.swift in Sources */ = {isa = PBXBuildFile; fileRef = 0B39195C2A9A1DA0003A1E40 /* ClickSpeedApp.swift */; };
		0B3919612A9A1DA7003A1E40 /* Assets.xcassets in Resources */ = {isa = PBXBuildFile; fileRef = 0B3919602A9A1DA7003A1E40 /* Assets.xcassets */; };
		0B3919642A9A1DA7003A1E40 /* Preview Assets.xcassets in Resources */ = {isa = PBXBuildFile; fileRef = 0B3919632A9A1DA7003A1E40 /* Preview Assets.xcassets */; };
		0B39196F2A9A1DA8003A1E40 /* ClickSpeedTests.swift in Sources */ = {isa = PBXBuildFile; fileRef = 0B39196E2A9A1DA8003A1E40 /* ClickSpeedTests.swift */; };
		0B3919792A9A1DA8003A1E40 /* ClickSpeedUITests.swift in Sources */ = {isa = PBXBuildFile; fileRef = 0B3919782A9A1DA8003A1E40 /* ClickSpeedUITests.swift */; };
		0B39197B2A9A1DA8003A1E40 /* ClickSpeedUITestsLaunchTests.swift in Sources */ = {isa = PBXBuildFile; fileRef = 0B39197A2A9A1DA8003A1E40 /* ClickSpeedUITestsLaunchTests.swift */; };
		0B3919882A9A40EE003A1E40 /* ContentView.swift in Sources */ = {isa = PBXBuildFile; fileRef = 0B39195E2A9A1DA0003A1E40 /* ContentView.swift */; };
		0B6921E82B30CC30006C37A6 /* Credits.rtf in Resources */ = {isa = PBXBuildFile; fileRef = 0B6921E72B30CC30006C37A6 /* Credits.rtf */; };
/* End PBXBuildFile section */

/* Begin PBXContainerItemProxy section */
		0B39196B2A9A1DA8003A1E40 /* PBXContainerItemProxy */ = {
			isa = PBXContainerItemProxy;
			containerPortal = 0B3919512A9A1DA0003A1E40 /* Project object */;
			proxyType = 1;
			remoteGlobalIDString = 0B3919582A9A1DA0003A1E40;
			remoteInfo = ClickSpeed;
		};
		0B3919752A9A1DA8003A1E40 /* PBXContainerItemProxy */ = {
			isa = PBXContainerItemProxy;
			containerPortal = 0B3919512A9A1DA0003A1E40 /* Project object */;
			proxyType = 1;
			remoteGlobalIDString = 0B3919582A9A1DA0003A1E40;
			remoteInfo = ClickSpeed;
		};
/* End PBXContainerItemProxy section */

/* Begin PBXFileReference section */
		0B3919592A9A1DA0003A1E40 /* ClickSpeed.app */ = {isa = PBXFileReference; explicitFileType = wrapper.application; includeInIndex = 0; path = ClickSpeed.app; sourceTree = BUILT_PRODUCTS_DIR; };
		0B39195C2A9A1DA0003A1E40 /* ClickSpeedApp.swift */ = {isa = PBXFileReference; lastKnownFileType = sourcecode.swift; path = ClickSpeedApp.swift; sourceTree = "<group>"; };
		0B39195E2A9A1DA0003A1E40 /* ContentView.swift */ = {isa = PBXFileReference; lastKnownFileType = sourcecode.swift; path = ContentView.swift; sourceTree = "<group>"; };
		0B3919602A9A1DA7003A1E40 /* Assets.xcassets */ = {isa = PBXFileReference; lastKnownFileType = folder.assetcatalog; path = Assets.xcassets; sourceTree = "<group>"; };
		0B3919632A9A1DA7003A1E40 /* Preview Assets.xcassets */ = {isa = PBXFileReference; lastKnownFileType = folder.assetcatalog; path = "Preview Assets.xcassets"; sourceTree = "<group>"; };
		0B3919652A9A1DA7003A1E40 /* ClickSpeed.entitlements */ = {isa = PBXFileReference; lastKnownFileType = text.plist.entitlements; path = ClickSpeed.entitlements; sourceTree = "<group>"; };
		0B39196A2A9A1DA8003A1E40 /* ClickSpeedTests.xctest */ = {isa = PBXFileReference; explicitFileType = wrapper.cfbundle; includeInIndex = 0; path = ClickSpeedTests.xctest; sourceTree = BUILT_PRODUCTS_DIR; };
		0B39196E2A9A1DA8003A1E40 /* ClickSpeedTests.swift */ = {isa = PBXFileReference; lastKnownFileType = sourcecode.swift; path = ClickSpeedTests.swift; sourceTree = "<group>"; };
		0B3919742A9A1DA8003A1E40 /* ClickSpeedUITests.xctest */ = {isa = PBXFileReference; explicitFileType = wrapper.cfbundle; includeInIndex = 0; path = ClickSpeedUITests.xctest; sourceTree = BUILT_PRODUCTS_DIR; };
		0B3919782A9A1DA8003A1E40 /* ClickSpeedUITests.swift */ = {isa = PBXFileReference; lastKnownFileType = sourcecode.swift; path = ClickSpeedUITests.swift; sourceTree = "<group>"; };
		0B39197A2A9A1DA8003A1E40 /* ClickSpeedUITestsLaunchTests.swift */ = {isa = PBXFileReference; lastKnownFileType = sourcecode.swift; path = ClickSpeedUITestsLaunchTests.swift; sourceTree = "<group>"; };
		0B6921E72B30CC30006C37A6 /* Credits.rtf */ = {isa = PBXFileReference; fileEncoding = 4; lastKnownFileType = text.rtf; path = Credits.rtf; sourceTree = "<group>"; };
/* End PBXFileReference section */

/* Begin PBXFrameworksBuildPhase section */
		0B3919562A9A1DA0003A1E40 /* Frameworks */ = {
			isa = PBXFrameworksBuildPhase;
			buildActionMask = 2147483647;
			files = (
			);
			runOnlyForDeploymentPostprocessing = 0;
		};
		0B3919672A9A1DA8003A1E40 /* Frameworks */ = {
			isa = PBXFrameworksBuildPhase;
			buildActionMask = 2147483647;
			files = (
			);
			runOnlyForDeploymentPostprocessing = 0;
		};
		0B3919712A9A1DA8003A1E40 /* Frameworks */ = {
			isa = PBXFrameworksBuildPhase;
			buildActionMask = 2147483647;
			files = (
			);
			runOnlyForDeploymentPostprocessing = 0;
		};
/* End PBXFrameworksBuildPhase section */

/* Begin PBXGroup section */
		0B3919502A9A1DA0003A1E40 = {
			isa = PBXGroup;
			children = (
				0B39195B2A9A1DA0003A1E40 /* ClickSpeed */,
				0B39196D2A9A1DA8003A1E40 /* ClickSpeedTests */,
				0B3919772A9A1DA8003A1E40 /* ClickSpeedUITests */,
				0B39195A2A9A1DA0003A1E40 /* Products */,
			);
			sourceTree = "<group>";
		};
		0B39195A2A9A1DA0003A1E40 /* Products */ = {
			isa = PBXGroup;
			children = (
				0B3919592A9A1DA0003A1E40 /* ClickSpeed.app */,
				0B39196A2A9A1DA8003A1E40 /* ClickSpeedTests.xctest */,
				0B3919742A9A1DA8003A1E40 /* ClickSpeedUITests.xctest */,
			);
			name = Products;
			sourceTree = "<group>";
		};
		0B39195B2A9A1DA0003A1E40 /* ClickSpeed */ = {
			isa = PBXGroup;
			children = (
				0B39195C2A9A1DA0003A1E40 /* ClickSpeedApp.swift */,
				0B39195E2A9A1DA0003A1E40 /* ContentView.swift */,
				0B6921E72B30CC30006C37A6 /* Credits.rtf */,
				0B3919602A9A1DA7003A1E40 /* Assets.xcassets */,
				0B3919652A9A1DA7003A1E40 /* ClickSpeed.entitlements */,
				0B3919622A9A1DA7003A1E40 /* Preview Content */,
			);
			path = ClickSpeed;
			sourceTree = "<group>";
		};
		0B3919622A9A1DA7003A1E40 /* Preview Content */ = {
			isa = PBXGroup;
			children = (
				0B3919632A9A1DA7003A1E40 /* Preview Assets.xcassets */,
			);
			path = "Preview Content";
			sourceTree = "<group>";
		};
		0B39196D2A9A1DA8003A1E40 /* ClickSpeedTests */ = {
			isa = PBXGroup;
			children = (
				0B39196E2A9A1DA8003A1E40 /* ClickSpeedTests.swift */,
			);
			path = ClickSpeedTests;
			sourceTree = "<group>";
		};
		0B3919772A9A1DA8003A1E40 /* ClickSpeedUITests */ = {
			isa = PBXGroup;
			children = (
				0B3919782A9A1DA8003A1E40 /* ClickSpeedUITests.swift */,
				0B39197A2A9A1DA8003A1E40 /* ClickSpeedUITestsLaunchTests.swift */,
			);
			path = ClickSpeedUITests;
			sourceTree = "<group>";
		};
/* End PBXGroup section */

/* Begin PBXNativeTarget section */
		0B3919582A9A1DA0003A1E40 /* ClickSpeed */ = {
			isa = PBXNativeTarget;
			buildConfigurationList = 0B39197E2A9A1DA8003A1E40 /* Build configuration list for PBXNativeTarget "ClickSpeed" */;
			buildPhases = (
				0B3919552A9A1DA0003A1E40 /* Sources */,
				0B3919562A9A1DA0003A1E40 /* Frameworks */,
				0B3919572A9A1DA0003A1E40 /* Resources */,
			);
			buildRules = (
			);
			dependencies = (
			);
			name = ClickSpeed;
			productName = ClickSpeed;
			productReference = 0B3919592A9A1DA0003A1E40 /* ClickSpeed.app */;
			productType = "com.apple.product-type.application";
		};
		0B3919692A9A1DA8003A1E40 /* ClickSpeedTests */ = {
			isa = PBXNativeTarget;
			buildConfigurationList = 0B3919812A9A1DA8003A1E40 /* Build configuration list for PBXNativeTarget "ClickSpeedTests" */;
			buildPhases = (
				0B3919662A9A1DA8003A1E40 /* Sources */,
				0B3919672A9A1DA8003A1E40 /* Frameworks */,
				0B3919682A9A1DA8003A1E40 /* Resources */,
			);
			buildRules = (
			);
			dependencies = (
				0B39196C2A9A1DA8003A1E40 /* PBXTargetDependency */,
			);
			name = ClickSpeedTests;
			productName = ClickSpeedTests;
			productReference = 0B39196A2A9A1DA8003A1E40 /* ClickSpeedTests.xctest */;
			productType = "com.apple.product-type.bundle.unit-test";
		};
		0B3919732A9A1DA8003A1E40 /* ClickSpeedUITests */ = {
			isa = PBXNativeTarget;
			buildConfigurationList = 0B3919842A9A1DA8003A1E40 /* Build configuration list for PBXNativeTarget "ClickSpeedUITests" */;
			buildPhases = (
				0B3919702A9A1DA8003A1E40 /* Sources */,
				0B3919712A9A1DA8003A1E40 /* Frameworks */,
				0B3919722A9A1DA8003A1E40 /* Resources */,
			);
			buildRules = (
			);
			dependencies = (
				0B3919762A9A1DA8003A1E40 /* PBXTargetDependency */,
			);
			name = ClickSpeedUITests;
			productName = ClickSpeedUITests;
			productReference = 0B3919742A9A1DA8003A1E40 /* ClickSpeedUITests.xctest */;
			productType = "com.apple.product-type.bundle.ui-testing";
		};
/* End PBXNativeTarget section */

/* Begin PBXProject section */
		0B3919512A9A1DA0003A1E40 /* Project object */ = {
			isa = PBXProject;
			attributes = {
				BuildIndependentTargetsInParallel = 1;
				LastSwiftUpdateCheck = 1500;
				LastUpgradeCheck = 1510;
				TargetAttributes = {
					0B3919582A9A1DA0003A1E40 = {
						CreatedOnToolsVersion = 15.0;
					};
					0B3919692A9A1DA8003A1E40 = {
						CreatedOnToolsVersion = 15.0;
						TestTargetID = 0B3919582A9A1DA0003A1E40;
					};
					0B3919732A9A1DA8003A1E40 = {
						CreatedOnToolsVersion = 15.0;
						TestTargetID = 0B3919582A9A1DA0003A1E40;
					};
				};
			};
			buildConfigurationList = 0B3919542A9A1DA0003A1E40 /* Build configuration list for PBXProject "ClickSpeed" */;
			compatibilityVersion = "Xcode 14.0";
			developmentRegion = en;
			hasScannedForEncodings = 0;
			knownRegions = (
				en,
				Base,
			);
			mainGroup = 0B3919502A9A1DA0003A1E40;
			productRefGroup = 0B39195A2A9A1DA0003A1E40 /* Products */;
			projectDirPath = "";
			projectRoot = "";
			targets = (
				0B3919582A9A1DA0003A1E40 /* ClickSpeed */,
				0B3919692A9A1DA8003A1E40 /* ClickSpeedTests */,
				0B3919732A9A1DA8003A1E40 /* ClickSpeedUITests */,
			);
		};
/* End PBXProject section */

/* Begin PBXResourcesBuildPhase section */
		0B3919572A9A1DA0003A1E40 /* Resources */ = {
			isa = PBXResourcesBuildPhase;
			buildActionMask = 2147483647;
			files = (
				0B3919642A9A1DA7003A1E40 /* Preview Assets.xcassets in Resources */,
				0B6921E82B30CC30006C37A6 /* Credits.rtf in Resources */,
				0B3919612A9A1DA7003A1E40 /* Assets.xcassets in Resources */,
			);
			runOnlyForDeploymentPostprocessing = 0;
		};
		0B3919682A9A1DA8003A1E40 /* Resources */ = {
			isa = PBXResourcesBuildPhase;
			buildActionMask = 2147483647;
			files = (
			);
			runOnlyForDeploymentPostprocessing = 0;
		};
		0B3919722A9A1DA8003A1E40 /* Resources */ = {
			isa = PBXResourcesBuildPhase;
			buildActionMask = 2147483647;
			files = (
			);
			runOnlyForDeploymentPostprocessing = 0;
		};
/* End PBXResourcesBuildPhase section */

/* Begin PBXSourcesBuildPhase section */
		0B3919552A9A1DA0003A1E40 /* Sources */ = {
			isa = PBXSourcesBuildPhase;
			buildActionMask = 2147483647;
			files = (
				0B3919882A9A40EE003A1E40 /* ContentView.swift in Sources */,
				0B39195D2A9A1DA0003A1E40 /* ClickSpeedApp.swift in Sources */,
			);
			runOnlyForDeploymentPostprocessing = 0;
		};
		0B3919662A9A1DA8003A1E40 /* Sources */ = {
			isa = PBXSourcesBuildPhase;
			buildActionMask = 2147483647;
			files = (
				0B39196F2A9A1DA8003A1E40 /* ClickSpeedTests.swift in Sources */,
			);
			runOnlyForDeploymentPostprocessing = 0;
		};
		0B3919702A9A1DA8003A1E40 /* Sources */ = {
			isa = PBXSourcesBuildPhase;
			buildActionMask = 2147483647;
			files = (
				0B3919792A9A1DA8003A1E40 /* ClickSpeedUITests.swift in Sources */,
				0B39197B2A9A1DA8003A1E40 /* ClickSpeedUITestsLaunchTests.swift in Sources */,
			);
			runOnlyForDeploymentPostprocessing = 0;
		};
/* End PBXSourcesBuildPhase section */

/* Begin PBXTargetDependency section */
		0B39196C2A9A1DA8003A1E40 /* PBXTargetDependency */ = {
			isa = PBXTargetDependency;
			target = 0B3919582A9A1DA0003A1E40 /* ClickSpeed */;
			targetProxy = 0B39196B2A9A1DA8003A1E40 /* PBXContainerItemProxy */;
		};
		0B3919762A9A1DA8003A1E40 /* PBXTargetDependency */ = {
			isa = PBXTargetDependency;
			target = 0B3919582A9A1DA0003A1E40 /* ClickSpeed */;
			targetProxy = 0B3919752A9A1DA8003A1E40 /* PBXContainerItemProxy */;
		};
/* End PBXTargetDependency section */

/* Begin XCBuildConfiguration section */
		0B39197C2A9A1DA8003A1E40 /* Debug */ = {
			isa = XCBuildConfiguration;
			buildSettings = {
				ALWAYS_SEARCH_USER_PATHS = NO;
				ASSETCATALOG_COMPILER_GENERATE_SWIFT_ASSET_SYMBOL_EXTENSIONS = YES;
				CLANG_ANALYZER_NONNULL = YES;
				CLANG_ANALYZER_NUMBER_OBJECT_CONVERSION = YES_AGGRESSIVE;
				CLANG_CXX_LANGUAGE_STANDARD = "gnu++20";
				CLANG_ENABLE_MODULES = YES;
				CLANG_ENABLE_OBJC_ARC = YES;
				CLANG_ENABLE_OBJC_WEAK = YES;
				CLANG_WARN_BLOCK_CAPTURE_AUTORELEASING = YES;
				CLANG_WARN_BOOL_CONVERSION = YES;
				CLANG_WARN_COMMA = YES;
				CLANG_WARN_CONSTANT_CONVERSION = YES;
				CLANG_WARN_DEPRECATED_OBJC_IMPLEMENTATIONS = YES;
				CLANG_WARN_DIRECT_OBJC_ISA_USAGE = YES_ERROR;
				CLANG_WARN_DOCUMENTATION_COMMENTS = YES;
				CLANG_WARN_EMPTY_BODY = YES;
				CLANG_WARN_ENUM_CONVERSION = YES;
				CLANG_WARN_INFINITE_RECURSION = YES;
				CLANG_WARN_INT_CONVERSION = YES;
				CLANG_WARN_NON_LITERAL_NULL_CONVERSION = YES;
				CLANG_WARN_OBJC_IMPLICIT_RETAIN_SELF = YES;
				CLANG_WARN_OBJC_LITERAL_CONVERSION = YES;
				CLANG_WARN_OBJC_ROOT_CLASS = YES_ERROR;
				CLANG_WARN_QUOTED_INCLUDE_IN_FRAMEWORK_HEADER = YES;
				CLANG_WARN_RANGE_LOOP_ANALYSIS = YES;
				CLANG_WARN_STRICT_PROTOTYPES = YES;
				CLANG_WARN_SUSPICIOUS_MOVE = YES;
				CLANG_WARN_UNGUARDED_AVAILABILITY = YES_AGGRESSIVE;
				CLANG_WARN_UNREACHABLE_CODE = YES;
				CLANG_WARN__DUPLICATE_METHOD_MATCH = YES;
				COPY_PHASE_STRIP = NO;
				DEAD_CODE_STRIPPING = YES;
				DEBUG_INFORMATION_FORMAT = dwarf;
				ENABLE_STRICT_OBJC_MSGSEND = YES;
				ENABLE_TESTABILITY = YES;
				ENABLE_USER_SCRIPT_SANDBOXING = YES;
				GCC_C_LANGUAGE_STANDARD = gnu17;
				GCC_DYNAMIC_NO_PIC = NO;
				GCC_NO_COMMON_BLOCKS = YES;
				GCC_OPTIMIZATION_LEVEL = 0;
				GCC_PREPROCESSOR_DEFINITIONS = (
					"DEBUG=1",
					"$(inherited)",
				);
				GCC_WARN_64_TO_32_BIT_CONVERSION = YES;
				GCC_WARN_ABOUT_RETURN_TYPE = YES_ERROR;
				GCC_WARN_UNDECLARED_SELECTOR = YES;
				GCC_WARN_UNINITIALIZED_AUTOS = YES_AGGRESSIVE;
				GCC_WARN_UNUSED_FUNCTION = YES;
				GCC_WARN_UNUSED_VARIABLE = YES;
				LOCALIZATION_PREFERS_STRING_CATALOGS = YES;
				MACOSX_DEPLOYMENT_TARGET = 14.2;
				MTL_ENABLE_DEBUG_INFO = INCLUDE_SOURCE;
				MTL_FAST_MATH = YES;
				ONLY_ACTIVE_ARCH = YES;
				SDKROOT = macosx;
				SWIFT_ACTIVE_COMPILATION_CONDITIONS = "DEBUG $(inherited)";
				SWIFT_OPTIMIZATION_LEVEL = "-Onone";
			};
			name = Debug;
		};
		0B39197D2A9A1DA8003A1E40 /* Release */ = {
			isa = XCBuildConfiguration;
			buildSettings = {
				ALWAYS_SEARCH_USER_PATHS = NO;
				ASSETCATALOG_COMPILER_GENERATE_SWIFT_ASSET_SYMBOL_EXTENSIONS = YES;
				CLANG_ANALYZER_NONNULL = YES;
				CLANG_ANALYZER_NUMBER_OBJECT_CONVERSION = YES_AGGRESSIVE;
				CLANG_CXX_LANGUAGE_STANDARD = "gnu++20";
				CLANG_ENABLE_MODULES = YES;
				CLANG_ENABLE_OBJC_ARC = YES;
				CLANG_ENABLE_OBJC_WEAK = YES;
				CLANG_WARN_BLOCK_CAPTURE_AUTORELEASING = YES;
				CLANG_WARN_BOOL_CONVERSION = YES;
				CLANG_WARN_COMMA = YES;
				CLANG_WARN_CONSTANT_CONVERSION = YES;
				CLANG_WARN_DEPRECATED_OBJC_IMPLEMENTATIONS = YES;
				CLANG_WARN_DIRECT_OBJC_ISA_USAGE = YES_ERROR;
				CLANG_WARN_DOCUMENTATION_COMMENTS = YES;
				CLANG_WARN_EMPTY_BODY = YES;
				CLANG_WARN_ENUM_CONVERSION = YES;
				CLANG_WARN_INFINITE_RECURSION = YES;
				CLANG_WARN_INT_CONVERSION = YES;
				CLANG_WARN_NON_LITERAL_NULL_CONVERSION = YES;
				CLANG_WARN_OBJC_IMPLICIT_RETAIN_SELF = YES;
				CLANG_WARN_OBJC_LITERAL_CONVERSION = YES;
				CLANG_WARN_OBJC_ROOT_CLASS = YES_ERROR;
				CLANG_WARN_QUOTED_INCLUDE_IN_FRAMEWORK_HEADER = YES;
				CLANG_WARN_RANGE_LOOP_ANALYSIS = YES;
				CLANG_WARN_STRICT_PROTOTYPES = YES;
				CLANG_WARN_SUSPICIOUS_MOVE = YES;
				CLANG_WARN_UNGUARDED_AVAILABILITY = YES_AGGRESSIVE;
				CLANG_WARN_UNREACHABLE_CODE = YES;
				CLANG_WARN__DUPLICATE_METHOD_MATCH = YES;
				COPY_PHASE_STRIP = NO;
				DEAD_CODE_STRIPPING = YES;
				DEBUG_INFORMATION_FORMAT = "dwarf-with-dsym";
				ENABLE_NS_ASSERTIONS = NO;
				ENABLE_STRICT_OBJC_MSGSEND = YES;
				ENABLE_USER_SCRIPT_SANDBOXING = YES;
				GCC_C_LANGUAGE_STANDARD = gnu17;
				GCC_NO_COMMON_BLOCKS = YES;
				GCC_WARN_64_TO_32_BIT_CONVERSION = YES;
				GCC_WARN_ABOUT_RETURN_TYPE = YES_ERROR;
				GCC_WARN_UNDECLARED_SELECTOR = YES;
				GCC_WARN_UNINITIALIZED_AUTOS = YES_AGGRESSIVE;
				GCC_WARN_UNUSED_FUNCTION = YES;
				GCC_WARN_UNUSED_VARIABLE = YES;
				LOCALIZATION_PREFERS_STRING_CATALOGS = YES;
				MACOSX_DEPLOYMENT_TARGET = 14.2;
				MTL_ENABLE_DEBUG_INFO = NO;
				MTL_FAST_MATH = YES;
				SDKROOT = macosx;
				SWIFT_COMPILATION_MODE = wholemodule;
			};
			name = Release;
		};
		0B39197F2A9A1DA8003A1E40 /* Debug */ = {
			isa = XCBuildConfiguration;
			buildSettings = {
				ASSETCATALOG_COMPILER_APPICON_NAME = AppIcon;
				ASSETCATALOG_COMPILER_GLOBAL_ACCENT_COLOR_NAME = AccentColor;
				CODE_SIGN_ENTITLEMENTS = ClickSpeed/ClickSpeed.entitlements;
				CODE_SIGN_STYLE = Automatic;
				COMBINE_HIDPI_IMAGES = YES;
				CURRENT_PROJECT_VERSION = 1;
				DEAD_CODE_STRIPPING = YES;
				DEVELOPMENT_ASSET_PATHS = "\"ClickSpeed/Preview Content\"";
				DEVELOPMENT_TEAM = 3C5BCR4TZA;
				ENABLE_HARDENED_RUNTIME = YES;
				ENABLE_PREVIEWS = YES;
				GENERATE_INFOPLIST_FILE = YES;
				INFOPLIST_KEY_LSApplicationCategoryType = "public.app-category.games";
				INFOPLIST_KEY_NSHumanReadableCopyright = "";
				LD_RUNPATH_SEARCH_PATHS = (
					"$(inherited)",
					"@executable_path/../Frameworks",
				);
				MACOSX_DEPLOYMENT_TARGET = 11.0;
				MARKETING_VERSION = 2.1;
				PRODUCT_BUNDLE_IDENTIFIER = com.istuces.ClickSpeed;
				PRODUCT_NAME = "$(TARGET_NAME)";
				SWIFT_EMIT_LOC_STRINGS = YES;
				SWIFT_VERSION = 5.0;
			};
			name = Debug;
		};
		0B3919802A9A1DA8003A1E40 /* Release */ = {
			isa = XCBuildConfiguration;
			buildSettings = {
				ASSETCATALOG_COMPILER_APPICON_NAME = AppIcon;
				ASSETCATALOG_COMPILER_GLOBAL_ACCENT_COLOR_NAME = AccentColor;
				CODE_SIGN_ENTITLEMENTS = ClickSpeed/ClickSpeed.entitlements;
				CODE_SIGN_STYLE = Automatic;
				COMBINE_HIDPI_IMAGES = YES;
				CURRENT_PROJECT_VERSION = 1;
				DEAD_CODE_STRIPPING = YES;
				DEVELOPMENT_ASSET_PATHS = "\"ClickSpeed/Preview Content\"";
				DEVELOPMENT_TEAM = 3C5BCR4TZA;
				ENABLE_HARDENED_RUNTIME = YES;
				ENABLE_PREVIEWS = YES;
				GENERATE_INFOPLIST_FILE = YES;
				INFOPLIST_KEY_LSApplicationCategoryType = "public.app-category.games";
				INFOPLIST_KEY_NSHumanReadableCopyright = "";
				LD_RUNPATH_SEARCH_PATHS = (
					"$(inherited)",
					"@executable_path/../Frameworks",
				);
				MACOSX_DEPLOYMENT_TARGET = 11.0;
				MARKETING_VERSION = 2.1;
				PRODUCT_BUNDLE_IDENTIFIER = com.istuces.ClickSpeed;
				PRODUCT_NAME = "$(TARGET_NAME)";
				SWIFT_EMIT_LOC_STRINGS = YES;
				SWIFT_VERSION = 5.0;
			};
			name = Release;
		};
		0B3919822A9A1DA8003A1E40 /* Debug */ = {
			isa = XCBuildConfiguration;
			buildSettings = {
				ALWAYS_EMBED_SWIFT_STANDARD_LIBRARIES = YES;
				BUNDLE_LOADER = "$(TEST_HOST)";
				CODE_SIGN_STYLE = Automatic;
				CURRENT_PROJECT_VERSION = 1;
				DEAD_CODE_STRIPPING = YES;
				DEVELOPMENT_TEAM = KVMMKDGHXQ;
				GENERATE_INFOPLIST_FILE = YES;
				MACOSX_DEPLOYMENT_TARGET = 14.0;
				MARKETING_VERSION = 1.0;
				PRODUCT_BUNDLE_IDENTIFIER = com.istuces.ClickSpeedTests;
				PRODUCT_NAME = "$(TARGET_NAME)";
				SWIFT_EMIT_LOC_STRINGS = NO;
				SWIFT_VERSION = 5.0;
				TEST_HOST = "$(BUILT_PRODUCTS_DIR)/ClickSpeed.app/$(BUNDLE_EXECUTABLE_FOLDER_PATH)/ClickSpeed";
			};
			name = Debug;
		};
		0B3919832A9A1DA8003A1E40 /* Release */ = {
			isa = XCBuildConfiguration;
			buildSettings = {
				ALWAYS_EMBED_SWIFT_STANDARD_LIBRARIES = YES;
				BUNDLE_LOADER = "$(TEST_HOST)";
				CODE_SIGN_STYLE = Automatic;
				CURRENT_PROJECT_VERSION = 1;
				DEAD_CODE_STRIPPING = YES;
				DEVELOPMENT_TEAM = KVMMKDGHXQ;
				GENERATE_INFOPLIST_FILE = YES;
				MACOSX_DEPLOYMENT_TARGET = 14.0;
				MARKETING_VERSION = 1.0;
				PRODUCT_BUNDLE_IDENTIFIER = com.istuces.ClickSpeedTests;
				PRODUCT_NAME = "$(TARGET_NAME)";
				SWIFT_EMIT_LOC_STRINGS = NO;
				SWIFT_VERSION = 5.0;
				TEST_HOST = "$(BUILT_PRODUCTS_DIR)/ClickSpeed.app/$(BUNDLE_EXECUTABLE_FOLDER_PATH)/ClickSpeed";
			};
			name = Release;
		};
		0B3919852A9A1DA8003A1E40 /* Debug */ = {
			isa = XCBuildConfiguration;
			buildSettings = {
				ALWAYS_EMBED_SWIFT_STANDARD_LIBRARIES = YES;
				CODE_SIGN_STYLE = Automatic;
				CURRENT_PROJECT_VERSION = 1;
				DEAD_CODE_STRIPPING = YES;
				DEVELOPMENT_TEAM = KVMMKDGHXQ;
				GENERATE_INFOPLIST_FILE = YES;
				MARKETING_VERSION = 1.0;
				PRODUCT_BUNDLE_IDENTIFIER = com.istuces.ClickSpeedUITests;
				PRODUCT_NAME = "$(TARGET_NAME)";
				SWIFT_EMIT_LOC_STRINGS = NO;
				SWIFT_VERSION = 5.0;
				TEST_TARGET_NAME = ClickSpeed;
			};
			name = Debug;
		};
		0B3919862A9A1DA8003A1E40 /* Release */ = {
			isa = XCBuildConfiguration;
			buildSettings = {
				ALWAYS_EMBED_SWIFT_STANDARD_LIBRARIES = YES;
				CODE_SIGN_STYLE = Automatic;
				CURRENT_PROJECT_VERSION = 1;
				DEAD_CODE_STRIPPING = YES;
				DEVELOPMENT_TEAM = KVMMKDGHXQ;
				GENERATE_INFOPLIST_FILE = YES;
				MARKETING_VERSION = 1.0;
				PRODUCT_BUNDLE_IDENTIFIER = com.istuces.ClickSpeedUITests;
				PRODUCT_NAME = "$(TARGET_NAME)";
				SWIFT_EMIT_LOC_STRINGS = NO;
				SWIFT_VERSION = 5.0;
				TEST_TARGET_NAME = ClickSpeed;
			};
			name = Release;
		};
/* End XCBuildConfiguration section */

/* Begin XCConfigurationList section */
		0B3919542A9A1DA0003A1E40 /* Build configuration list for PBXProject "ClickSpeed" */ = {
			isa = XCConfigurationList;
			buildConfigurations = (
				0B39197C2A9A1DA8003A1E40 /* Debug */,
				0B39197D2A9A1DA8003A1E40 /* Release */,
			);
			defaultConfigurationIsVisible = 0;
			defaultConfigurationName = Release;
		};
		0B39197E2A9A1DA8003A1E40 /* Build configuration list for PBXNativeTarget "ClickSpeed" */ = {
			isa = XCConfigurationList;
			buildConfigurations = (
				0B39197F2A9A1DA8003A1E40 /* Debug */,
				0B3919802A9A1DA8003A1E40 /* Release */,
			);
			defaultConfigurationIsVisible = 0;
			defaultConfigurationName = Release;
		};
		0B3919812A9A1DA8003A1E40 /* Build configuration list for PBXNativeTarget "ClickSpeedTests" */ = {
			isa = XCConfigurationList;
			buildConfigurations = (
				0B3919822A9A1DA8003A1E40 /* Debug */,
				0B3919832A9A1DA8003A1E40 /* Release */,
			);
			defaultConfigurationIsVisible = 0;
			defaultConfigurationName = Release;
		};
		0B3919842A9A1DA8003A1E40 /* Build configuration list for PBXNativeTarget "ClickSpeedUITests" */ = {
			isa = XCConfigurationList;
			buildConfigurations = (
				0B3919852A9A1DA8003A1E40 /* Debug */,
				0B3919862A9A1DA8003A1E40 /* Release */,
			);
			defaultConfigurationIsVisible = 0;
			defaultConfigurationName = Release;
		};
/* End XCConfigurationList section */
	};
	rootObject = 0B3919512A9A1DA0003A1E40 /* Project object */;
}
